
Microsoft Visual Studio Solution File, Format Version 12.00
# Visual Studio 15
Project("{FAE04EC0-301F-11D3-BF4B-00C04F79EFBC}") = "Unity.RenderPipelines.HighDefinition.Runtime", "Unity.RenderPipelines.HighDefinition.Runtime.csproj", "{7C90BE03-CE5E-3231-39D8-E9C207EE9FEA}"
EndProject
Project("{FAE04EC0-301F-11D3-BF4B-00C04F79EFBC}") = "Assembly-CSharp", "Assembly-CSharp.csproj", "{5BBABA00-14BD-1C55-6035-9CCF1AAA6F11}"
EndProject
Project("{FAE04EC0-301F-11D3-BF4B-00C04F79EFBC}") = "Assembly-CSharp-firstpass", "Assembly-CSharp-firstpass.csproj", "{08FA5A1F-9E6E-8A24-5E43-5416D3682C09}"
EndProject
Project("{FAE04EC0-301F-11D3-BF4B-00C04F79EFBC}") = "Unity.RenderPipelines.Core.Runtime", "Unity.RenderPipelines.Core.Runtime.csproj", "{13F956FC-F8DC-1C04-D443-F89919188D31}"
EndProject
Project("{FAE04EC0-301F-11D3-BF4B-00C04F79EFBC}") = "Unity.VisualEffectGraph.Runtime", "Unity.VisualEffectGraph.Runtime.csproj", "{854D2076-4C14-F9CF-85D9-BBE5BCF5C24B}"
EndProject
Project("{FAE04EC0-301F-11D3-BF4B-00C04F79EFBC}") = "Unity.RenderPipelines.Core.ShaderLibrary", "Unity.RenderPipelines.Core.ShaderLibrary.csproj", "{81FFC9A5-E82A-FC80-EC38-BA5778C29843}"
EndProject
Project("{FAE04EC0-301F-11D3-BF4B-00C04F79EFBC}") = "Unity.ShaderGraph.Editor", "Unity.ShaderGraph.Editor.csproj", "{99E37451-3265-C2F5-545C-D94AD626C5A2}"
EndProject
Project("{FAE04EC0-301F-11D3-BF4B-00C04F79EFBC}") = "Unity.VisualEffectGraph.Editor", "Unity.VisualEffectGraph.Editor.csproj", "{76BC5BAB-BAF3-0829-4014-4D4E48BBB0D6}"
EndProject
Project("{FAE04EC0-301F-11D3-BF4B-00C04F79EFBC}") = "Assembly-CSharp-Editor-firstpass", "Assembly-CSharp-Editor-firstpass.csproj", "{69C139F4-8BFC-B845-A658-C41DBC28C194}"
EndProject
Project("{FAE04EC0-301F-11D3-BF4B-00C04F79EFBC}") = "Unity.RenderPipelines.HighDefinition.Editor", "Unity.RenderPipelines.HighDefinition.Editor.csproj", "{551CA5D0-52BA-F688-B581-A096A1162F42}"
EndProject
Project("{FAE04EC0-301F-11D3-BF4B-00C04F79EFBC}") = "Unity.RenderPipelines.Core.Editor", "Unity.RenderPipelines.Core.Editor.csproj", "{F7B045E0-17E0-8FB0-2B71-A0ED8A768510}"
EndProject
Project("{FAE04EC0-301F-11D3-BF4B-00C04F79EFBC}") = "Assembly-CSharp-Editor", "Assembly-CSharp-Editor.csproj", "{566F2512-62B9-1641-70DF-8E8C8026075C}"
EndProject
Global
	GlobalSection(SolutionConfigurationPlatforms) = preSolution
		Debug|Any CPU = Debug|Any CPU
		Release|Any CPU = Release|Any CPU
	EndGlobalSection
	GlobalSection(ProjectConfigurationPlatforms) = postSolution
		{7C90BE03-CE5E-3231-39D8-E9C207EE9FEA}.Debug|Any CPU.ActiveCfg = Debug|Any CPU
		{7C90BE03-CE5E-3231-39D8-E9C207EE9FEA}.Debug|Any CPU.Build.0 = Debug|Any CPU
		{7C90BE03-CE5E-3231-39D8-E9C207EE9FEA}.Release|Any CPU.ActiveCfg = Release|Any CPU
		{7C90BE03-CE5E-3231-39D8-E9C207EE9FEA}.Release|Any CPU.Build.0 = Release|Any CPU
		{5BBABA00-14BD-1C55-6035-9CCF1AAA6F11}.Debug|Any CPU.ActiveCfg = Debug|Any CPU
		{5BBABA00-14BD-1C55-6035-9CCF1AAA6F11}.Debug|Any CPU.Build.0 = Debug|Any CPU
		{5BBABA00-14BD-1C55-6035-9CCF1AAA6F11}.Release|Any CPU.ActiveCfg = Release|Any CPU
		{5BBABA00-14BD-1C55-6035-9CCF1AAA6F11}.Release|Any CPU.Build.0 = Release|Any CPU
		{08FA5A1F-9E6E-8A24-5E43-5416D3682C09}.Debug|Any CPU.ActiveCfg = Debug|Any CPU
		{08FA5A1F-9E6E-8A24-5E43-5416D3682C09}.Debug|Any CPU.Build.0 = Debug|Any CPU
		{08FA5A1F-9E6E-8A24-5E43-5416D3682C09}.Release|Any CPU.ActiveCfg = Release|Any CPU
		{08FA5A1F-9E6E-8A24-5E43-5416D3682C09}.Release|Any CPU.Build.0 = Release|Any CPU
		{13F956FC-F8DC-1C04-D443-F89919188D31}.Debug|Any CPU.ActiveCfg = Debug|Any CPU
		{13F956FC-F8DC-1C04-D443-F89919188D31}.Debug|Any CPU.Build.0 = Debug|Any CPU
		{13F956FC-F8DC-1C04-D443-F89919188D31}.Release|Any CPU.ActiveCfg = Release|Any CPU
		{13F956FC-F8DC-1C04-D443-F89919188D31}.Release|Any CPU.Build.0 = Release|Any CPU
		{854D2076-4C14-F9CF-85D9-BBE5BCF5C24B}.Debug|Any CPU.ActiveCfg = Debug|Any CPU
		{854D2076-4C14-F9CF-85D9-BBE5BCF5C24B}.Debug|Any CPU.Build.0 = Debug|Any CPU
		{854D2076-4C14-F9CF-85D9-BBE5BCF5C24B}.Release|Any CPU.ActiveCfg = Release|Any CPU
		{854D2076-4C14-F9CF-85D9-BBE5BCF5C24B}.Release|Any CPU.Build.0 = Release|Any CPU
		{81FFC9A5-E82A-FC80-EC38-BA5778C29843}.Debug|Any CPU.ActiveCfg = Debug|Any CPU
		{81FFC9A5-E82A-FC80-EC38-BA5778C29843}.Debug|Any CPU.Build.0 = Debug|Any CPU
		{81FFC9A5-E82A-FC80-EC38-BA5778C29843}.Release|Any CPU.ActiveCfg = Release|Any CPU
		{81FFC9A5-E82A-FC80-EC38-BA5778C29843}.Release|Any CPU.Build.0 = Release|Any CPU
		{99E37451-3265-C2F5-545C-D94AD626C5A2}.Debug|Any CPU.ActiveCfg = Debug|Any CPU
		{99E37451-3265-C2F5-545C-D94AD626C5A2}.Debug|Any CPU.Build.0 = Debug|Any CPU
		{99E37451-3265-C2F5-545C-D94AD626C5A2}.Release|Any CPU.ActiveCfg = Release|Any CPU
		{99E37451-3265-C2F5-545C-D94AD626C5A2}.Release|Any CPU.Build.0 = Release|Any CPU
		{76BC5BAB-BAF3-0829-4014-4D4E48BBB0D6}.Debug|Any CPU.ActiveCfg = Debug|Any CPU
		{76BC5BAB-BAF3-0829-4014-4D4E48BBB0D6}.Debug|Any CPU.Build.0 = Debug|Any CPU
		{76BC5BAB-BAF3-0829-4014-4D4E48BBB0D6}.Release|Any CPU.ActiveCfg = Release|Any CPU
		{76BC5BAB-BAF3-0829-4014-4D4E48BBB0D6}.Release|Any CPU.Build.0 = Release|Any CPU
		{69C139F4-8BFC-B845-A658-C41DBC28C194}.Debug|Any CPU.ActiveCfg = Debug|Any CPU
		{69C139F4-8BFC-B845-A658-C41DBC28C194}.Debug|Any CPU.Build.0 = Debug|Any CPU
		{69C139F4-8BFC-B845-A658-C41DBC28C194}.Release|Any CPU.ActiveCfg = Release|Any CPU
		{69C139F4-8BFC-B845-A658-C41DBC28C194}.Release|Any CPU.Build.0 = Release|Any CPU
		{551CA5D0-52BA-F688-B581-A096A1162F42}.Debug|Any CPU.ActiveCfg = Debug|Any CPU
		{551CA5D0-52BA-F688-B581-A096A1162F42}.Debug|Any CPU.Build.0 = Debug|Any CPU
		{551CA5D0-52BA-F688-B581-A096A1162F42}.Release|Any CPU.ActiveCfg = Release|Any CPU
		{551CA5D0-52BA-F688-B581-A096A1162F42}.Release|Any CPU.Build.0 = Release|Any CPU
		{F7B045E0-17E0-8FB0-2B71-A0ED8A768510}.Debug|Any CPU.ActiveCfg = Debug|Any CPU
		{F7B045E0-17E0-8FB0-2B71-A0ED8A768510}.Debug|Any CPU.Build.0 = Debug|Any CPU
		{F7B045E0-17E0-8FB0-2B71-A0ED8A768510}.Release|Any CPU.ActiveCfg = Release|Any CPU
		{F7B045E0-17E0-8FB0-2B71-A0ED8A768510}.Release|Any CPU.Build.0 = Release|Any CPU
		{566F2512-62B9-1641-70DF-8E8C8026075C}.Debug|Any CPU.ActiveCfg = Debug|Any CPU
		{566F2512-62B9-1641-70DF-8E8C8026075C}.Debug|Any CPU.Build.0 = Debug|Any CPU
		{566F2512-62B9-1641-70DF-8E8C8026075C}.Release|Any CPU.ActiveCfg = Release|Any CPU
		{566F2512-62B9-1641-70DF-8E8C8026075C}.Release|Any CPU.Build.0 = Release|Any CPU
	EndGlobalSection
	GlobalSection(SolutionProperties) = preSolution
		HideSolutionNode = FALSE
	EndGlobalSection
EndGlobal
